// !$*UTF8*$!
{
	archiveVersion = 1;
	classes = {
	};
	objectVersion = 46;
	objects = {

/* Begin PBXBuildFile section */
		652CC0481CD1EC9400498AFF /* Constants.m in Sources */ = {isa = PBXBuildFile; fileRef = 652CC0471CD1EC9400498AFF /* Constants.m */; };
		6532586F1C9A7C80001513F2 /* main.m in Sources */ = {isa = PBXBuildFile; fileRef = 6532586E1C9A7C80001513F2 /* main.m */; };
		653258721C9A7C80001513F2 /* MRAppDelegate.m in Sources */ = {isa = PBXBuildFile; fileRef = 653258711C9A7C80001513F2 /* MRAppDelegate.m */; };
		653258751C9A7C80001513F2 /* MRFileListTableViewController.m in Sources */ = {isa = PBXBuildFile; fileRef = 653258741C9A7C80001513F2 /* MRFileListTableViewController.m */; };
		653258781C9A7C80001513F2 /* Main.storyboard in Resources */ = {isa = PBXBuildFile; fileRef = 653258761C9A7C80001513F2 /* Main.storyboard */; };
		6532587D1C9A7C80001513F2 /* Assets.xcassets in Resources */ = {isa = PBXBuildFile; fileRef = 6532587C1C9A7C80001513F2 /* Assets.xcassets */; };
		653258801C9A7C81001513F2 /* LaunchScreen.storyboard in Resources */ = {isa = PBXBuildFile; fileRef = 6532587E1C9A7C81001513F2 /* LaunchScreen.storyboard */; };
		6532588B1C9A7C81001513F2 /* MangaReader_For_IpadTests.m in Sources */ = {isa = PBXBuildFile; fileRef = 6532588A1C9A7C81001513F2 /* MangaReader_For_IpadTests.m */; };
		653258961C9A7C82001513F2 /* MangaReader_For_IpadUITests.m in Sources */ = {isa = PBXBuildFile; fileRef = 653258951C9A7C82001513F2 /* MangaReader_For_IpadUITests.m */; };
		653258AC1C9A7E01001513F2 /* FileManager.m in Sources */ = {isa = PBXBuildFile; fileRef = 653258A61C9A7E01001513F2 /* FileManager.m */; };
		653258AD1C9A7E01001513F2 /* FilePathURL.m in Sources */ = {isa = PBXBuildFile; fileRef = 653258A81C9A7E01001513F2 /* FilePathURL.m */; };
		653258AE1C9A7E01001513F2 /* MRArchiveManager.mm in Sources */ = {isa = PBXBuildFile; fileRef = 653258AB1C9A7E01001513F2 /* MRArchiveManager.mm */; };
		653258B21C9A7E89001513F2 /* CoreDataHandler.m in Sources */ = {isa = PBXBuildFile; fileRef = 653258B11C9A7E89001513F2 /* CoreDataHandler.m */; };
		653258DC1C9A7EF8001513F2 /* aescrypt.c in Sources */ = {isa = PBXBuildFile; fileRef = 653258B91C9A7EF8001513F2 /* aescrypt.c */; };
		653258DD1C9A7EF8001513F2 /* aeskey.c in Sources */ = {isa = PBXBuildFile; fileRef = 653258BA1C9A7EF8001513F2 /* aeskey.c */; };
		653258DE1C9A7EF8001513F2 /* aestab.c in Sources */ = {isa = PBXBuildFile; fileRef = 653258BC1C9A7EF8001513F2 /* aestab.c */; };
		653258DF1C9A7EF8001513F2 /* entropy.c in Sources */ = {isa = PBXBuildFile; fileRef = 653258C01C9A7EF8001513F2 /* entropy.c */; };
		653258E01C9A7EF8001513F2 /* fileenc.c in Sources */ = {isa = PBXBuildFile; fileRef = 653258C21C9A7EF8001513F2 /* fileenc.c */; };
		653258E11C9A7EF8001513F2 /* hmac.c in Sources */ = {isa = PBXBuildFile; fileRef = 653258C41C9A7EF8001513F2 /* hmac.c */; };
		653258E21C9A7EF8001513F2 /* prng.c in Sources */ = {isa = PBXBuildFile; fileRef = 653258C61C9A7EF8001513F2 /* prng.c */; };
		653258E31C9A7EF8001513F2 /* pwd2key.c in Sources */ = {isa = PBXBuildFile; fileRef = 653258C81C9A7EF8001513F2 /* pwd2key.c */; };
		653258E41C9A7EF8001513F2 /* sha1.c in Sources */ = {isa = PBXBuildFile; fileRef = 653258CA1C9A7EF8001513F2 /* sha1.c */; };
		653258E51C9A7EF8001513F2 /* Info.plist in Resources */ = {isa = PBXBuildFile; fileRef = 653258CD1C9A7EF8001513F2 /* Info.plist */; };
		653258E61C9A7EF8001513F2 /* ioapi.c in Sources */ = {isa = PBXBuildFile; fileRef = 653258D01C9A7EF8001513F2 /* ioapi.c */; };
		653258E71C9A7EF8001513F2 /* mztools.c in Sources */ = {isa = PBXBuildFile; fileRef = 653258D21C9A7EF8001513F2 /* mztools.c */; };
		653258E81C9A7EF8001513F2 /* unzip.c in Sources */ = {isa = PBXBuildFile; fileRef = 653258D41C9A7EF8001513F2 /* unzip.c */; };
		653258E91C9A7EF8001513F2 /* zip.c in Sources */ = {isa = PBXBuildFile; fileRef = 653258D61C9A7EF8001513F2 /* zip.c */; };
		653258EA1C9A7EF8001513F2 /* SSZipArchive.m in Sources */ = {isa = PBXBuildFile; fileRef = 653258D91C9A7EF8001513F2 /* SSZipArchive.m */; };
		653258EB1C9A7EF8001513F2 /* Unrar4iOS.framework in Frameworks */ = {isa = PBXBuildFile; fileRef = 653258DB1C9A7EF8001513F2 /* Unrar4iOS.framework */; };
		653258ED1C9A7F20001513F2 /* CoreData.framework in Frameworks */ = {isa = PBXBuildFile; fileRef = 653258EC1C9A7F20001513F2 /* CoreData.framework */; };
		653258EF1C9A7FB6001513F2 /* libz.tbd in Frameworks */ = {isa = PBXBuildFile; fileRef = 653258EE1C9A7FB6001513F2 /* libz.tbd */; };
		653258F11C9A7FC7001513F2 /* UIKit.framework in Frameworks */ = {isa = PBXBuildFile; fileRef = 653258F01C9A7FC7001513F2 /* UIKit.framework */; };
		653258F31C9A7FCF001513F2 /* CoreFoundation.framework in Frameworks */ = {isa = PBXBuildFile; fileRef = 653258F21C9A7FCF001513F2 /* CoreFoundation.framework */; };
		653258F51C9A7FD7001513F2 /* Foundation.framework in Frameworks */ = {isa = PBXBuildFile; fileRef = 653258F41C9A7FD7001513F2 /* Foundation.framework */; };
		6570D69D1CD3474000FF57C9 /* MRFileListTableView.m in Sources */ = {isa = PBXBuildFile; fileRef = 6570D69C1CD3474000FF57C9 /* MRFileListTableView.m */; };
		65946B0D1CB7EA78004BE1F1 /* MRDirectoryParser.m in Sources */ = {isa = PBXBuildFile; fileRef = 65946B0C1CB7EA78004BE1F1 /* MRDirectoryParser.m */; };
		65946B101CB7FB4D004BE1F1 /* MRCoreData.m in Sources */ = {isa = PBXBuildFile; fileRef = 65946B0F1CB7FB4D004BE1F1 /* MRCoreData.m */; };
		65946B151CB7FEB4004BE1F1 /* MangaReader.xcdatamodeld in Sources */ = {isa = PBXBuildFile; fileRef = 65946B131CB7FEB4004BE1F1 /* MangaReader.xcdatamodeld */; };
		65946B251CB801CF004BE1F1 /* File_System+CoreDataProperties.m in Sources */ = {isa = PBXBuildFile; fileRef = 65946B1E1CB801CF004BE1F1 /* File_System+CoreDataProperties.m */; };
		65946B261CB801CF004BE1F1 /* File_System.m in Sources */ = {isa = PBXBuildFile; fileRef = 65946B201CB801CF004BE1F1 /* File_System.m */; };
		65946B271CB801CF004BE1F1 /* Archive_Meta+CoreDataProperties.m in Sources */ = {isa = PBXBuildFile; fileRef = 65946B221CB801CF004BE1F1 /* Archive_Meta+CoreDataProperties.m */; };
		65946B281CB801CF004BE1F1 /* Archive_Meta.m in Sources */ = {isa = PBXBuildFile; fileRef = 65946B241CB801CF004BE1F1 /* Archive_Meta.m */; };
/* End PBXBuildFile section */

/* Begin PBXContainerItemProxy section */
		653258871C9A7C81001513F2 /* PBXContainerItemProxy */ = {
			isa = PBXContainerItemProxy;
			containerPortal = 653258621C9A7C7E001513F2 /* Project object */;
			proxyType = 1;
			remoteGlobalIDString = 653258691C9A7C7E001513F2;
			remoteInfo = MangaReader_For_Ipad;
		};
		653258921C9A7C82001513F2 /* PBXContainerItemProxy */ = {
			isa = PBXContainerItemProxy;
			containerPortal = 653258621C9A7C7E001513F2 /* Project object */;
			proxyType = 1;
			remoteGlobalIDString = 653258691C9A7C7E001513F2;
			remoteInfo = MangaReader_For_Ipad;
		};
/* End PBXContainerItemProxy section */

/* Begin PBXFileReference section */
		652CC0431CD1EADA00498AFF /* Constants.h */ = {isa = PBXFileReference; fileEncoding = 4; lastKnownFileType = sourcecode.c.h; name = Constants.h; path = Constants/Constants.h; sourceTree = "<group>"; };
		652CC0471CD1EC9400498AFF /* Constants.m */ = {isa = PBXFileReference; fileEncoding = 4; lastKnownFileType = sourcecode.c.objc; name = Constants.m; path = Constants/Constants.m; sourceTree = "<group>"; };
		6532586A1C9A7C7E001513F2 /* MangaReader_For_Ipad.app */ = {isa = PBXFileReference; explicitFileType = wrapper.application; includeInIndex = 0; path = MangaReader_For_Ipad.app; sourceTree = BUILT_PRODUCTS_DIR; };
		6532586E1C9A7C80001513F2 /* main.m */ = {isa = PBXFileReference; lastKnownFileType = sourcecode.c.objc; path = main.m; sourceTree = "<group>"; };
		653258701C9A7C80001513F2 /* MRAppDelegate.h */ = {isa = PBXFileReference; lastKnownFileType = sourcecode.c.h; path = MRAppDelegate.h; sourceTree = "<group>"; };
		653258711C9A7C80001513F2 /* MRAppDelegate.m */ = {isa = PBXFileReference; lastKnownFileType = sourcecode.c.objc; path = MRAppDelegate.m; sourceTree = "<group>"; };
		653258731C9A7C80001513F2 /* MRFIleListTableViewController.h */ = {isa = PBXFileReference; lastKnownFileType = sourcecode.c.h; path = MRFIleListTableViewController.h; sourceTree = "<group>"; };
		653258741C9A7C80001513F2 /* MRFileListTableViewController.m */ = {isa = PBXFileReference; lastKnownFileType = sourcecode.c.objc; path = MRFileListTableViewController.m; sourceTree = "<group>"; };
		653258771C9A7C80001513F2 /* Base */ = {isa = PBXFileReference; lastKnownFileType = file.storyboard; name = Base; path = Base.lproj/Main.storyboard; sourceTree = "<group>"; };
		6532587C1C9A7C80001513F2 /* Assets.xcassets */ = {isa = PBXFileReference; lastKnownFileType = folder.assetcatalog; path = Assets.xcassets; sourceTree = "<group>"; };
		6532587F1C9A7C81001513F2 /* Base */ = {isa = PBXFileReference; lastKnownFileType = file.storyboard; name = Base; path = Base.lproj/LaunchScreen.storyboard; sourceTree = "<group>"; };
		653258811C9A7C81001513F2 /* Info.plist */ = {isa = PBXFileReference; lastKnownFileType = text.plist.xml; path = Info.plist; sourceTree = "<group>"; };
		653258861C9A7C81001513F2 /* MangaReader_For_IpadTests.xctest */ = {isa = PBXFileReference; explicitFileType = wrapper.cfbundle; includeInIndex = 0; path = MangaReader_For_IpadTests.xctest; sourceTree = BUILT_PRODUCTS_DIR; };
		6532588A1C9A7C81001513F2 /* MangaReader_For_IpadTests.m */ = {isa = PBXFileReference; lastKnownFileType = sourcecode.c.objc; path = MangaReader_For_IpadTests.m; sourceTree = "<group>"; };
		6532588C1C9A7C81001513F2 /* Info.plist */ = {isa = PBXFileReference; lastKnownFileType = text.plist.xml; path = Info.plist; sourceTree = "<group>"; };
		653258911C9A7C82001513F2 /* MangaReader_For_IpadUITests.xctest */ = {isa = PBXFileReference; explicitFileType = wrapper.cfbundle; includeInIndex = 0; path = MangaReader_For_IpadUITests.xctest; sourceTree = BUILT_PRODUCTS_DIR; };
		653258951C9A7C82001513F2 /* MangaReader_For_IpadUITests.m */ = {isa = PBXFileReference; lastKnownFileType = sourcecode.c.objc; path = MangaReader_For_IpadUITests.m; sourceTree = "<group>"; };
		653258971C9A7C82001513F2 /* Info.plist */ = {isa = PBXFileReference; lastKnownFileType = text.plist.xml; path = Info.plist; sourceTree = "<group>"; };
		653258A51C9A7E01001513F2 /* FileManager.h */ = {isa = PBXFileReference; fileEncoding = 4; lastKnownFileType = sourcecode.c.h; path = FileManager.h; sourceTree = "<group>"; };
		653258A61C9A7E01001513F2 /* FileManager.m */ = {isa = PBXFileReference; fileEncoding = 4; lastKnownFileType = sourcecode.c.objc; path = FileManager.m; sourceTree = "<group>"; };
		653258A71C9A7E01001513F2 /* FilePathURL.h */ = {isa = PBXFileReference; fileEncoding = 4; lastKnownFileType = sourcecode.c.h; path = FilePathURL.h; sourceTree = "<group>"; };
		653258A81C9A7E01001513F2 /* FilePathURL.m */ = {isa = PBXFileReference; fileEncoding = 4; lastKnownFileType = sourcecode.c.objc; path = FilePathURL.m; sourceTree = "<group>"; };
		653258AA1C9A7E01001513F2 /* MRArchiveManager.h */ = {isa = PBXFileReference; fileEncoding = 4; lastKnownFileType = sourcecode.c.h; path = MRArchiveManager.h; sourceTree = "<group>"; };
		653258AB1C9A7E01001513F2 /* MRArchiveManager.mm */ = {isa = PBXFileReference; fileEncoding = 4; lastKnownFileType = sourcecode.cpp.objcpp; path = MRArchiveManager.mm; sourceTree = "<group>"; };
		653258B01C9A7E89001513F2 /* CoreDataHandler.h */ = {isa = PBXFileReference; fileEncoding = 4; lastKnownFileType = sourcecode.c.h; path = CoreDataHandler.h; sourceTree = "<group>"; };
		653258B11C9A7E89001513F2 /* CoreDataHandler.m */ = {isa = PBXFileReference; fileEncoding = 4; lastKnownFileType = sourcecode.c.objc; path = CoreDataHandler.m; sourceTree = "<group>"; };
		653258B71C9A7EF8001513F2 /* aes.h */ = {isa = PBXFileReference; fileEncoding = 4; lastKnownFileType = sourcecode.c.h; path = aes.h; sourceTree = "<group>"; };
		653258B81C9A7EF8001513F2 /* aes_via_ace.h */ = {isa = PBXFileReference; fileEncoding = 4; lastKnownFileType = sourcecode.c.h; path = aes_via_ace.h; sourceTree = "<group>"; };
		653258B91C9A7EF8001513F2 /* aescrypt.c */ = {isa = PBXFileReference; fileEncoding = 4; lastKnownFileType = sourcecode.c.c; path = aescrypt.c; sourceTree = "<group>"; };
		653258BA1C9A7EF8001513F2 /* aeskey.c */ = {isa = PBXFileReference; fileEncoding = 4; lastKnownFileType = sourcecode.c.c; path = aeskey.c; sourceTree = "<group>"; };
		653258BB1C9A7EF8001513F2 /* aesopt.h */ = {isa = PBXFileReference; fileEncoding = 4; lastKnownFileType = sourcecode.c.h; path = aesopt.h; sourceTree = "<group>"; };
		653258BC1C9A7EF8001513F2 /* aestab.c */ = {isa = PBXFileReference; fileEncoding = 4; lastKnownFileType = sourcecode.c.c; path = aestab.c; sourceTree = "<group>"; };
		653258BD1C9A7EF8001513F2 /* aestab.h */ = {isa = PBXFileReference; fileEncoding = 4; lastKnownFileType = sourcecode.c.h; path = aestab.h; sourceTree = "<group>"; };
		653258BE1C9A7EF8001513F2 /* brg_endian.h */ = {isa = PBXFileReference; fileEncoding = 4; lastKnownFileType = sourcecode.c.h; path = brg_endian.h; sourceTree = "<group>"; };
		653258BF1C9A7EF8001513F2 /* brg_types.h */ = {isa = PBXFileReference; fileEncoding = 4; lastKnownFileType = sourcecode.c.h; path = brg_types.h; sourceTree = "<group>"; };
		653258C01C9A7EF8001513F2 /* entropy.c */ = {isa = PBXFileReference; fileEncoding = 4; lastKnownFileType = sourcecode.c.c; path = entropy.c; sourceTree = "<group>"; };
		653258C11C9A7EF8001513F2 /* entropy.h */ = {isa = PBXFileReference; fileEncoding = 4; lastKnownFileType = sourcecode.c.h; path = entropy.h; sourceTree = "<group>"; };
		653258C21C9A7EF8001513F2 /* fileenc.c */ = {isa = PBXFileReference; fileEncoding = 4; lastKnownFileType = sourcecode.c.c; path = fileenc.c; sourceTree = "<group>"; };
		653258C31C9A7EF8001513F2 /* fileenc.h */ = {isa = PBXFileReference; fileEncoding = 4; lastKnownFileType = sourcecode.c.h; path = fileenc.h; sourceTree = "<group>"; };
		653258C41C9A7EF8001513F2 /* hmac.c */ = {isa = PBXFileReference; fileEncoding = 4; lastKnownFileType = sourcecode.c.c; path = hmac.c; sourceTree = "<group>"; };
		653258C51C9A7EF8001513F2 /* hmac.h */ = {isa = PBXFileReference; fileEncoding = 4; lastKnownFileType = sourcecode.c.h; path = hmac.h; sourceTree = "<group>"; };
		653258C61C9A7EF8001513F2 /* prng.c */ = {isa = PBXFileReference; fileEncoding = 4; lastKnownFileType = sourcecode.c.c; path = prng.c; sourceTree = "<group>"; };
		653258C71C9A7EF8001513F2 /* prng.h */ = {isa = PBXFileReference; fileEncoding = 4; lastKnownFileType = sourcecode.c.h; path = prng.h; sourceTree = "<group>"; };
		653258C81C9A7EF8001513F2 /* pwd2key.c */ = {isa = PBXFileReference; fileEncoding = 4; lastKnownFileType = sourcecode.c.c; path = pwd2key.c; sourceTree = "<group>"; };
		653258C91C9A7EF8001513F2 /* pwd2key.h */ = {isa = PBXFileReference; fileEncoding = 4; lastKnownFileType = sourcecode.c.h; path = pwd2key.h; sourceTree = "<group>"; };
		653258CA1C9A7EF8001513F2 /* sha1.c */ = {isa = PBXFileReference; fileEncoding = 4; lastKnownFileType = sourcecode.c.c; path = sha1.c; sourceTree = "<group>"; };
		653258CB1C9A7EF8001513F2 /* sha1.h */ = {isa = PBXFileReference; fileEncoding = 4; lastKnownFileType = sourcecode.c.h; path = sha1.h; sourceTree = "<group>"; };
		653258CC1C9A7EF8001513F2 /* Common.h */ = {isa = PBXFileReference; fileEncoding = 4; lastKnownFileType = sourcecode.c.h; path = Common.h; sourceTree = "<group>"; };
		653258CD1C9A7EF8001513F2 /* Info.plist */ = {isa = PBXFileReference; fileEncoding = 4; lastKnownFileType = text.plist.xml; path = Info.plist; sourceTree = "<group>"; };
		653258CF1C9A7EF8001513F2 /* crypt.h */ = {isa = PBXFileReference; fileEncoding = 4; lastKnownFileType = sourcecode.c.h; path = crypt.h; sourceTree = "<group>"; };
		653258D01C9A7EF8001513F2 /* ioapi.c */ = {isa = PBXFileReference; fileEncoding = 4; lastKnownFileType = sourcecode.c.c; path = ioapi.c; sourceTree = "<group>"; };
		653258D11C9A7EF8001513F2 /* ioapi.h */ = {isa = PBXFileReference; fileEncoding = 4; lastKnownFileType = sourcecode.c.h; path = ioapi.h; sourceTree = "<group>"; };
		653258D21C9A7EF8001513F2 /* mztools.c */ = {isa = PBXFileReference; fileEncoding = 4; lastKnownFileType = sourcecode.c.c; path = mztools.c; sourceTree = "<group>"; };
		653258D31C9A7EF8001513F2 /* mztools.h */ = {isa = PBXFileReference; fileEncoding = 4; lastKnownFileType = sourcecode.c.h; path = mztools.h; sourceTree = "<group>"; };
		653258D41C9A7EF8001513F2 /* unzip.c */ = {isa = PBXFileReference; fileEncoding = 4; lastKnownFileType = sourcecode.c.c; path = unzip.c; sourceTree = "<group>"; };
		653258D51C9A7EF8001513F2 /* unzip.h */ = {isa = PBXFileReference; fileEncoding = 4; lastKnownFileType = sourcecode.c.h; path = unzip.h; sourceTree = "<group>"; };
		653258D61C9A7EF8001513F2 /* zip.c */ = {isa = PBXFileReference; fileEncoding = 4; lastKnownFileType = sourcecode.c.c; path = zip.c; sourceTree = "<group>"; };
		653258D71C9A7EF8001513F2 /* zip.h */ = {isa = PBXFileReference; fileEncoding = 4; lastKnownFileType = sourcecode.c.h; path = zip.h; sourceTree = "<group>"; };
		653258D81C9A7EF8001513F2 /* SSZipArchive.h */ = {isa = PBXFileReference; fileEncoding = 4; lastKnownFileType = sourcecode.c.h; path = SSZipArchive.h; sourceTree = "<group>"; };
		653258D91C9A7EF8001513F2 /* SSZipArchive.m */ = {isa = PBXFileReference; fileEncoding = 4; lastKnownFileType = sourcecode.c.objc; path = SSZipArchive.m; sourceTree = "<group>"; };
		653258DA1C9A7EF8001513F2 /* ZipArchive.h */ = {isa = PBXFileReference; fileEncoding = 4; lastKnownFileType = sourcecode.c.h; path = ZipArchive.h; sourceTree = "<group>"; };
		653258DB1C9A7EF8001513F2 /* Unrar4iOS.framework */ = {isa = PBXFileReference; lastKnownFileType = wrapper.framework; path = Unrar4iOS.framework; sourceTree = "<group>"; };
		653258EC1C9A7F20001513F2 /* CoreData.framework */ = {isa = PBXFileReference; lastKnownFileType = wrapper.framework; name = CoreData.framework; path = System/Library/Frameworks/CoreData.framework; sourceTree = SDKROOT; };
		653258EE1C9A7FB6001513F2 /* libz.tbd */ = {isa = PBXFileReference; lastKnownFileType = "sourcecode.text-based-dylib-definition"; name = libz.tbd; path = usr/lib/libz.tbd; sourceTree = SDKROOT; };
		653258F01C9A7FC7001513F2 /* UIKit.framework */ = {isa = PBXFileReference; lastKnownFileType = wrapper.framework; name = UIKit.framework; path = System/Library/Frameworks/UIKit.framework; sourceTree = SDKROOT; };
		653258F21C9A7FCF001513F2 /* CoreFoundation.framework */ = {isa = PBXFileReference; lastKnownFileType = wrapper.framework; name = CoreFoundation.framework; path = System/Library/Frameworks/CoreFoundation.framework; sourceTree = SDKROOT; };
		653258F41C9A7FD7001513F2 /* Foundation.framework */ = {isa = PBXFileReference; lastKnownFileType = wrapper.framework; name = Foundation.framework; path = System/Library/Frameworks/Foundation.framework; sourceTree = SDKROOT; };
		6570D69B1CD3473300FF57C9 /* MRFileListTableView.h */ = {isa = PBXFileReference; lastKnownFileType = sourcecode.c.h; path = MRFileListTableView.h; sourceTree = "<group>"; };
		6570D69C1CD3474000FF57C9 /* MRFileListTableView.m */ = {isa = PBXFileReference; fileEncoding = 4; lastKnownFileType = sourcecode.c.objc; path = MRFileListTableView.m; sourceTree = "<group>"; };
		65946B0B1CB7E94B004BE1F1 /* MRDirectoryParser.h */ = {isa = PBXFileReference; lastKnownFileType = sourcecode.c.h; name = MRDirectoryParser.h; path = MRDirectoryParser/MRDirectoryParser.h; sourceTree = "<group>"; };
		65946B0C1CB7EA78004BE1F1 /* MRDirectoryParser.m */ = {isa = PBXFileReference; fileEncoding = 4; lastKnownFileType = sourcecode.c.objc; name = MRDirectoryParser.m; path = MRDirectoryParser/MRDirectoryParser.m; sourceTree = "<group>"; };
		65946B0E1CB7FB35004BE1F1 /* MRCoreData.h */ = {isa = PBXFileReference; lastKnownFileType = sourcecode.c.h; path = MRCoreData.h; sourceTree = "<group>"; };
		65946B0F1CB7FB4D004BE1F1 /* MRCoreData.m */ = {isa = PBXFileReference; fileEncoding = 4; lastKnownFileType = sourcecode.c.objc; path = MRCoreData.m; sourceTree = "<group>"; };
		65946B141CB7FEB4004BE1F1 /* MangaReader.xcdatamodel */ = {isa = PBXFileReference; lastKnownFileType = wrapper.xcdatamodel; path = MangaReader.xcdatamodel; sourceTree = "<group>"; };
		65946B1D1CB801CF004BE1F1 /* File_System+CoreDataProperties.h */ = {isa = PBXFileReference; fileEncoding = 4; lastKnownFileType = sourcecode.c.h; name = "File_System+CoreDataProperties.h"; path = "Model/File_System+CoreDataProperties.h"; sourceTree = "<group>"; };
		65946B1E1CB801CF004BE1F1 /* File_System+CoreDataProperties.m */ = {isa = PBXFileReference; fileEncoding = 4; lastKnownFileType = sourcecode.c.objc; name = "File_System+CoreDataProperties.m"; path = "Model/File_System+CoreDataProperties.m"; sourceTree = "<group>"; };
		65946B1F1CB801CF004BE1F1 /* File_System.h */ = {isa = PBXFileReference; fileEncoding = 4; lastKnownFileType = sourcecode.c.h; name = File_System.h; path = Model/File_System.h; sourceTree = "<group>"; };
		65946B201CB801CF004BE1F1 /* File_System.m */ = {isa = PBXFileReference; fileEncoding = 4; lastKnownFileType = sourcecode.c.objc; name = File_System.m; path = Model/File_System.m; sourceTree = "<group>"; };
		65946B211CB801CF004BE1F1 /* Archive_Meta+CoreDataProperties.h */ = {isa = PBXFileReference; fileEncoding = 4; lastKnownFileType = sourcecode.c.h; name = "Archive_Meta+CoreDataProperties.h"; path = "Model/Archive_Meta+CoreDataProperties.h"; sourceTree = "<group>"; };
		65946B221CB801CF004BE1F1 /* Archive_Meta+CoreDataProperties.m */ = {isa = PBXFileReference; fileEncoding = 4; lastKnownFileType = sourcecode.c.objc; name = "Archive_Meta+CoreDataProperties.m"; path = "Model/Archive_Meta+CoreDataProperties.m"; sourceTree = "<group>"; };
		65946B231CB801CF004BE1F1 /* Archive_Meta.h */ = {isa = PBXFileReference; fileEncoding = 4; lastKnownFileType = sourcecode.c.h; name = Archive_Meta.h; path = Model/Archive_Meta.h; sourceTree = "<group>"; };
		65946B241CB801CF004BE1F1 /* Archive_Meta.m */ = {isa = PBXFileReference; fileEncoding = 4; lastKnownFileType = sourcecode.c.objc; name = Archive_Meta.m; path = Model/Archive_Meta.m; sourceTree = "<group>"; };
/* End PBXFileReference section */

/* Begin PBXFrameworksBuildPhase section */
		653258671C9A7C7E001513F2 /* Frameworks */ = {
			isa = PBXFrameworksBuildPhase;
			buildActionMask = 2147483647;
			files = (
				653258F51C9A7FD7001513F2 /* Foundation.framework in Frameworks */,
				653258F31C9A7FCF001513F2 /* CoreFoundation.framework in Frameworks */,
				653258F11C9A7FC7001513F2 /* UIKit.framework in Frameworks */,
				653258EF1C9A7FB6001513F2 /* libz.tbd in Frameworks */,
				653258ED1C9A7F20001513F2 /* CoreData.framework in Frameworks */,
				653258EB1C9A7EF8001513F2 /* Unrar4iOS.framework in Frameworks */,
			);
			runOnlyForDeploymentPostprocessing = 0;
		};
		653258831C9A7C81001513F2 /* Frameworks */ = {
			isa = PBXFrameworksBuildPhase;
			buildActionMask = 2147483647;
			files = (
			);
			runOnlyForDeploymentPostprocessing = 0;
		};
		6532588E1C9A7C82001513F2 /* Frameworks */ = {
			isa = PBXFrameworksBuildPhase;
			buildActionMask = 2147483647;
			files = (
			);
			runOnlyForDeploymentPostprocessing = 0;
		};
/* End PBXFrameworksBuildPhase section */

/* Begin PBXGroup section */
		653258611C9A7C7E001513F2 = {
			isa = PBXGroup;
			children = (
				6532586C1C9A7C80001513F2 /* MangaReader_For_Ipad */,
				653258891C9A7C81001513F2 /* MangaReader_For_IpadTests */,
				653258941C9A7C82001513F2 /* MangaReader_For_IpadUITests */,
				6532586B1C9A7C7E001513F2 /* Products */,
			);
			sourceTree = "<group>";
		};
		6532586B1C9A7C7E001513F2 /* Products */ = {
			isa = PBXGroup;
			children = (
				6532586A1C9A7C7E001513F2 /* MangaReader_For_Ipad.app */,
				653258861C9A7C81001513F2 /* MangaReader_For_IpadTests.xctest */,
				653258911C9A7C82001513F2 /* MangaReader_For_IpadUITests.xctest */,
			);
			name = Products;
			sourceTree = "<group>";
		};
		6532586C1C9A7C80001513F2 /* MangaReader_For_Ipad */ = {
			isa = PBXGroup;
			children = (
				6570D6A31CD34DEA00FF57C9 /* MRAppDelegate */,
				65946B0A1CB7E917004BE1F1 /* MRDirectoryParser */,
				65946B081CB7E7A7004BE1F1 /* Constants */,
				653258AF1C9A7E89001513F2 /* CoreData */,
				653258A41C9A7E01001513F2 /* FileManager */,
				653258A91C9A7E01001513F2 /* MRArchiveManager */,
				6570D6981CD3470000FF57C9 /* UI */,
				653258761C9A7C80001513F2 /* Main.storyboard */,
				6532587C1C9A7C80001513F2 /* Assets.xcassets */,
				6532587E1C9A7C81001513F2 /* LaunchScreen.storyboard */,
				653258811C9A7C81001513F2 /* Info.plist */,
				653258B41C9A7EF8001513F2 /* FrameWorks */,
				6532586D1C9A7C80001513F2 /* Supporting Files */,
			);
			path = MangaReader_For_Ipad;
			sourceTree = "<group>";
		};
		6532586D1C9A7C80001513F2 /* Supporting Files */ = {
			isa = PBXGroup;
			children = (
				6532586E1C9A7C80001513F2 /* main.m */,
			);
			name = "Supporting Files";
			sourceTree = "<group>";
		};
		653258891C9A7C81001513F2 /* MangaReader_For_IpadTests */ = {
			isa = PBXGroup;
			children = (
				6532588A1C9A7C81001513F2 /* MangaReader_For_IpadTests.m */,
				6532588C1C9A7C81001513F2 /* Info.plist */,
			);
			path = MangaReader_For_IpadTests;
			sourceTree = "<group>";
		};
		653258941C9A7C82001513F2 /* MangaReader_For_IpadUITests */ = {
			isa = PBXGroup;
			children = (
				653258951C9A7C82001513F2 /* MangaReader_For_IpadUITests.m */,
				653258971C9A7C82001513F2 /* Info.plist */,
			);
			path = MangaReader_For_IpadUITests;
			sourceTree = "<group>";
		};
		653258A41C9A7E01001513F2 /* FileManager */ = {
			isa = PBXGroup;
			children = (
				653258A51C9A7E01001513F2 /* FileManager.h */,
				653258A61C9A7E01001513F2 /* FileManager.m */,
				653258A71C9A7E01001513F2 /* FilePathURL.h */,
				653258A81C9A7E01001513F2 /* FilePathURL.m */,
			);
			path = FileManager;
			sourceTree = "<group>";
		};
		653258A91C9A7E01001513F2 /* MRArchiveManager */ = {
			isa = PBXGroup;
			children = (
				653258AA1C9A7E01001513F2 /* MRArchiveManager.h */,
				653258AB1C9A7E01001513F2 /* MRArchiveManager.mm */,
			);
			path = MRArchiveManager;
			sourceTree = "<group>";
		};
		653258AF1C9A7E89001513F2 /* CoreData */ = {
			isa = PBXGroup;
			children = (
				65946B121CB7FE82004BE1F1 /* Model */,
				653258B01C9A7E89001513F2 /* CoreDataHandler.h */,
				653258B11C9A7E89001513F2 /* CoreDataHandler.m */,
				65946B0E1CB7FB35004BE1F1 /* MRCoreData.h */,
				65946B0F1CB7FB4D004BE1F1 /* MRCoreData.m */,
			);
			path = CoreData;
			sourceTree = "<group>";
		};
		653258B41C9A7EF8001513F2 /* FrameWorks */ = {
			isa = PBXGroup;
			children = (
				653258F41C9A7FD7001513F2 /* Foundation.framework */,
				653258F21C9A7FCF001513F2 /* CoreFoundation.framework */,
				653258F01C9A7FC7001513F2 /* UIKit.framework */,
				653258EE1C9A7FB6001513F2 /* libz.tbd */,
				653258EC1C9A7F20001513F2 /* CoreData.framework */,
				653258B51C9A7EF8001513F2 /* SSZipArchive */,
				653258DB1C9A7EF8001513F2 /* Unrar4iOS.framework */,
			);
			path = FrameWorks;
			sourceTree = "<group>";
		};
		653258B51C9A7EF8001513F2 /* SSZipArchive */ = {
			isa = PBXGroup;
			children = (
				653258B61C9A7EF8001513F2 /* aes */,
				653258CC1C9A7EF8001513F2 /* Common.h */,
				653258CD1C9A7EF8001513F2 /* Info.plist */,
				653258CE1C9A7EF8001513F2 /* minizip */,
				653258D81C9A7EF8001513F2 /* SSZipArchive.h */,
				653258D91C9A7EF8001513F2 /* SSZipArchive.m */,
				653258DA1C9A7EF8001513F2 /* ZipArchive.h */,
			);
			path = SSZipArchive;
			sourceTree = "<group>";
		};
		653258B61C9A7EF8001513F2 /* aes */ = {
			isa = PBXGroup;
			children = (
				653258B71C9A7EF8001513F2 /* aes.h */,
				653258B81C9A7EF8001513F2 /* aes_via_ace.h */,
				653258B91C9A7EF8001513F2 /* aescrypt.c */,
				653258BA1C9A7EF8001513F2 /* aeskey.c */,
				653258BB1C9A7EF8001513F2 /* aesopt.h */,
				653258BC1C9A7EF8001513F2 /* aestab.c */,
				653258BD1C9A7EF8001513F2 /* aestab.h */,
				653258BE1C9A7EF8001513F2 /* brg_endian.h */,
				653258BF1C9A7EF8001513F2 /* brg_types.h */,
				653258C01C9A7EF8001513F2 /* entropy.c */,
				653258C11C9A7EF8001513F2 /* entropy.h */,
				653258C21C9A7EF8001513F2 /* fileenc.c */,
				653258C31C9A7EF8001513F2 /* fileenc.h */,
				653258C41C9A7EF8001513F2 /* hmac.c */,
				653258C51C9A7EF8001513F2 /* hmac.h */,
				653258C61C9A7EF8001513F2 /* prng.c */,
				653258C71C9A7EF8001513F2 /* prng.h */,
				653258C81C9A7EF8001513F2 /* pwd2key.c */,
				653258C91C9A7EF8001513F2 /* pwd2key.h */,
				653258CA1C9A7EF8001513F2 /* sha1.c */,
				653258CB1C9A7EF8001513F2 /* sha1.h */,
			);
			path = aes;
			sourceTree = "<group>";
		};
		653258CE1C9A7EF8001513F2 /* minizip */ = {
			isa = PBXGroup;
			children = (
				653258CF1C9A7EF8001513F2 /* crypt.h */,
				653258D01C9A7EF8001513F2 /* ioapi.c */,
				653258D11C9A7EF8001513F2 /* ioapi.h */,
				653258D21C9A7EF8001513F2 /* mztools.c */,
				653258D31C9A7EF8001513F2 /* mztools.h */,
				653258D41C9A7EF8001513F2 /* unzip.c */,
				653258D51C9A7EF8001513F2 /* unzip.h */,
				653258D61C9A7EF8001513F2 /* zip.c */,
				653258D71C9A7EF8001513F2 /* zip.h */,
			);
			path = minizip;
			sourceTree = "<group>";
		};
		6570D6981CD3470000FF57C9 /* UI */ = {
			isa = PBXGroup;
			children = (
				6570D69A1CD3471800FF57C9 /* View */,
				6570D6991CD3470F00FF57C9 /* Controller */,
			);
			name = UI;
			sourceTree = "<group>";
		};
		6570D6991CD3470F00FF57C9 /* Controller */ = {
			isa = PBXGroup;
			children = (
				653258731C9A7C80001513F2 /* MRFIleListTableViewController.h */,
				653258741C9A7C80001513F2 /* MRFileListTableViewController.m */,
			);
			name = Controller;
			sourceTree = "<group>";
		};
		6570D69A1CD3471800FF57C9 /* View */ = {
			isa = PBXGroup;
			children = (
				6570D69B1CD3473300FF57C9 /* MRFileListTableView.h */,
				6570D69C1CD3474000FF57C9 /* MRFileListTableView.m */,
			);
			name = View;
			sourceTree = "<group>";
		};
		6570D6A31CD34DEA00FF57C9 /* MRAppDelegate */ = {
			isa = PBXGroup;
			children = (
				653258701C9A7C80001513F2 /* MRAppDelegate.h */,
				653258711C9A7C80001513F2 /* MRAppDelegate.m */,
			);
			name = MRAppDelegate;
			sourceTree = "<group>";
		};
		65946B081CB7E7A7004BE1F1 /* Constants */ = {
			isa = PBXGroup;
			children = (
				652CC0431CD1EADA00498AFF /* Constants.h */,
				652CC0471CD1EC9400498AFF /* Constants.m */,
			);
			name = Constants;
			sourceTree = "<group>";
		};
		65946B0A1CB7E917004BE1F1 /* MRDirectoryParser */ = {
			isa = PBXGroup;
			children = (
				65946B0B1CB7E94B004BE1F1 /* MRDirectoryParser.h */,
				65946B0C1CB7EA78004BE1F1 /* MRDirectoryParser.m */,
			);
			name = MRDirectoryParser;
			sourceTree = "<group>";
		};
		65946B121CB7FE82004BE1F1 /* Model */ = {
			isa = PBXGroup;
			children = (
				65946B1C1CB7FFF2004BE1F1 /* Controller */,
				65946B131CB7FEB4004BE1F1 /* MangaReader.xcdatamodeld */,
			);
			name = Model;
			sourceTree = "<group>";
		};
		65946B1C1CB7FFF2004BE1F1 /* Controller */ = {
			isa = PBXGroup;
			children = (
				65946B1D1CB801CF004BE1F1 /* File_System+CoreDataProperties.h */,
				65946B1E1CB801CF004BE1F1 /* File_System+CoreDataProperties.m */,
				65946B1F1CB801CF004BE1F1 /* File_System.h */,
				65946B201CB801CF004BE1F1 /* File_System.m */,
				65946B211CB801CF004BE1F1 /* Archive_Meta+CoreDataProperties.h */,
				65946B221CB801CF004BE1F1 /* Archive_Meta+CoreDataProperties.m */,
				65946B231CB801CF004BE1F1 /* Archive_Meta.h */,
				65946B241CB801CF004BE1F1 /* Archive_Meta.m */,
			);
			name = Controller;
			sourceTree = "<group>";
		};
/* End PBXGroup section */

/* Begin PBXNativeTarget section */
		653258691C9A7C7E001513F2 /* MangaReader_For_Ipad */ = {
			isa = PBXNativeTarget;
			buildConfigurationList = 6532589A1C9A7C82001513F2 /* Build configuration list for PBXNativeTarget "MangaReader_For_Ipad" */;
			buildPhases = (
				653258661C9A7C7E001513F2 /* Sources */,
				653258671C9A7C7E001513F2 /* Frameworks */,
				653258681C9A7C7E001513F2 /* Resources */,
			);
			buildRules = (
			);
			dependencies = (
			);
			name = MangaReader_For_Ipad;
			productName = MangaReader_For_Ipad;
			productReference = 6532586A1C9A7C7E001513F2 /* MangaReader_For_Ipad.app */;
			productType = "com.apple.product-type.application";
		};
		653258851C9A7C81001513F2 /* MangaReader_For_IpadTests */ = {
			isa = PBXNativeTarget;
			buildConfigurationList = 6532589D1C9A7C82001513F2 /* Build configuration list for PBXNativeTarget "MangaReader_For_IpadTests" */;
			buildPhases = (
				653258821C9A7C81001513F2 /* Sources */,
				653258831C9A7C81001513F2 /* Frameworks */,
				653258841C9A7C81001513F2 /* Resources */,
			);
			buildRules = (
			);
			dependencies = (
				653258881C9A7C81001513F2 /* PBXTargetDependency */,
			);
			name = MangaReader_For_IpadTests;
			productName = MangaReader_For_IpadTests;
			productReference = 653258861C9A7C81001513F2 /* MangaReader_For_IpadTests.xctest */;
			productType = "com.apple.product-type.bundle.unit-test";
		};
		653258901C9A7C82001513F2 /* MangaReader_For_IpadUITests */ = {
			isa = PBXNativeTarget;
			buildConfigurationList = 653258A01C9A7C82001513F2 /* Build configuration list for PBXNativeTarget "MangaReader_For_IpadUITests" */;
			buildPhases = (
				6532588D1C9A7C82001513F2 /* Sources */,
				6532588E1C9A7C82001513F2 /* Frameworks */,
				6532588F1C9A7C82001513F2 /* Resources */,
			);
			buildRules = (
			);
			dependencies = (
				653258931C9A7C82001513F2 /* PBXTargetDependency */,
			);
			name = MangaReader_For_IpadUITests;
			productName = MangaReader_For_IpadUITests;
			productReference = 653258911C9A7C82001513F2 /* MangaReader_For_IpadUITests.xctest */;
			productType = "com.apple.product-type.bundle.ui-testing";
		};
/* End PBXNativeTarget section */

/* Begin PBXProject section */
		653258621C9A7C7E001513F2 /* Project object */ = {
			isa = PBXProject;
			attributes = {
				LastUpgradeCheck = 0730;
				ORGANIZATIONNAME = hengeCyche;
				TargetAttributes = {
					653258691C9A7C7E001513F2 = {
						CreatedOnToolsVersion = 7.3;
						DevelopmentTeam = 7CXRHWNEX5;
					};
					653258851C9A7C81001513F2 = {
						CreatedOnToolsVersion = 7.3;
						TestTargetID = 653258691C9A7C7E001513F2;
					};
					653258901C9A7C82001513F2 = {
						CreatedOnToolsVersion = 7.3;
						TestTargetID = 653258691C9A7C7E001513F2;
					};
				};
			};
			buildConfigurationList = 653258651C9A7C7E001513F2 /* Build configuration list for PBXProject "MangaReader_For_Ipad" */;
			compatibilityVersion = "Xcode 3.2";
			developmentRegion = English;
			hasScannedForEncodings = 0;
			knownRegions = (
				en,
				Base,
			);
			mainGroup = 653258611C9A7C7E001513F2;
			productRefGroup = 6532586B1C9A7C7E001513F2 /* Products */;
			projectDirPath = "";
			projectRoot = "";
			targets = (
				653258691C9A7C7E001513F2 /* MangaReader_For_Ipad */,
				653258851C9A7C81001513F2 /* MangaReader_For_IpadTests */,
				653258901C9A7C82001513F2 /* MangaReader_For_IpadUITests */,
			);
		};
/* End PBXProject section */

/* Begin PBXResourcesBuildPhase section */
		653258681C9A7C7E001513F2 /* Resources */ = {
			isa = PBXResourcesBuildPhase;
			buildActionMask = 2147483647;
			files = (
				653258E51C9A7EF8001513F2 /* Info.plist in Resources */,
				653258801C9A7C81001513F2 /* LaunchScreen.storyboard in Resources */,
				6532587D1C9A7C80001513F2 /* Assets.xcassets in Resources */,
				653258781C9A7C80001513F2 /* Main.storyboard in Resources */,
			);
			runOnlyForDeploymentPostprocessing = 0;
		};
		653258841C9A7C81001513F2 /* Resources */ = {
			isa = PBXResourcesBuildPhase;
			buildActionMask = 2147483647;
			files = (
			);
			runOnlyForDeploymentPostprocessing = 0;
		};
		6532588F1C9A7C82001513F2 /* Resources */ = {
			isa = PBXResourcesBuildPhase;
			buildActionMask = 2147483647;
			files = (
			);
			runOnlyForDeploymentPostprocessing = 0;
		};
/* End PBXResourcesBuildPhase section */

/* Begin PBXSourcesBuildPhase section */
		653258661C9A7C7E001513F2 /* Sources */ = {
			isa = PBXSourcesBuildPhase;
			buildActionMask = 2147483647;
			files = (
				653258E11C9A7EF8001513F2 /* hmac.c in Sources */,
				65946B281CB801CF004BE1F1 /* Archive_Meta.m in Sources */,
				653258E31C9A7EF8001513F2 /* pwd2key.c in Sources */,
				65946B101CB7FB4D004BE1F1 /* MRCoreData.m in Sources */,
				653258E71C9A7EF8001513F2 /* mztools.c in Sources */,
				652CC0481CD1EC9400498AFF /* Constants.m in Sources */,
				65946B271CB801CF004BE1F1 /* Archive_Meta+CoreDataProperties.m in Sources */,
				653258E01C9A7EF8001513F2 /* fileenc.c in Sources */,
				6570D69D1CD3474000FF57C9 /* MRFileListTableView.m in Sources */,
				653258AD1C9A7E01001513F2 /* FilePathURL.m in Sources */,
				65946B261CB801CF004BE1F1 /* File_System.m in Sources */,
				653258EA1C9A7EF8001513F2 /* SSZipArchive.m in Sources */,
				653258E41C9A7EF8001513F2 /* sha1.c in Sources */,
				653258DE1C9A7EF8001513F2 /* aestab.c in Sources */,
				653258751C9A7C80001513F2 /* MRFileListTableViewController.m in Sources */,
				653258721C9A7C80001513F2 /* MRAppDelegate.m in Sources */,
				65946B151CB7FEB4004BE1F1 /* MangaReader.xcdatamodeld in Sources */,
				65946B251CB801CF004BE1F1 /* File_System+CoreDataProperties.m in Sources */,
				653258AE1C9A7E01001513F2 /* MRArchiveManager.mm in Sources */,
				65946B0D1CB7EA78004BE1F1 /* MRDirectoryParser.m in Sources */,
				653258B21C9A7E89001513F2 /* CoreDataHandler.m in Sources */,
				653258AC1C9A7E01001513F2 /* FileManager.m in Sources */,
				653258E81C9A7EF8001513F2 /* unzip.c in Sources */,
				653258E91C9A7EF8001513F2 /* zip.c in Sources */,
				653258DD1C9A7EF8001513F2 /* aeskey.c in Sources */,
				653258DC1C9A7EF8001513F2 /* aescrypt.c in Sources */,
				653258DF1C9A7EF8001513F2 /* entropy.c in Sources */,
				653258E21C9A7EF8001513F2 /* prng.c in Sources */,
				653258E61C9A7EF8001513F2 /* ioapi.c in Sources */,
				6532586F1C9A7C80001513F2 /* main.m in Sources */,
			);
			runOnlyForDeploymentPostprocessing = 0;
		};
		653258821C9A7C81001513F2 /* Sources */ = {
			isa = PBXSourcesBuildPhase;
			buildActionMask = 2147483647;
			files = (
				6532588B1C9A7C81001513F2 /* MangaReader_For_IpadTests.m in Sources */,
			);
			runOnlyForDeploymentPostprocessing = 0;
		};
		6532588D1C9A7C82001513F2 /* Sources */ = {
			isa = PBXSourcesBuildPhase;
			buildActionMask = 2147483647;
			files = (
				653258961C9A7C82001513F2 /* MangaReader_For_IpadUITests.m in Sources */,
			);
			runOnlyForDeploymentPostprocessing = 0;
		};
/* End PBXSourcesBuildPhase section */

/* Begin PBXTargetDependency section */
		653258881C9A7C81001513F2 /* PBXTargetDependency */ = {
			isa = PBXTargetDependency;
			target = 653258691C9A7C7E001513F2 /* MangaReader_For_Ipad */;
			targetProxy = 653258871C9A7C81001513F2 /* PBXContainerItemProxy */;
		};
		653258931C9A7C82001513F2 /* PBXTargetDependency */ = {
			isa = PBXTargetDependency;
			target = 653258691C9A7C7E001513F2 /* MangaReader_For_Ipad */;
			targetProxy = 653258921C9A7C82001513F2 /* PBXContainerItemProxy */;
		};
/* End PBXTargetDependency section */

/* Begin PBXVariantGroup section */
		653258761C9A7C80001513F2 /* Main.storyboard */ = {
			isa = PBXVariantGroup;
			children = (
				653258771C9A7C80001513F2 /* Base */,
			);
			name = Main.storyboard;
			sourceTree = "<group>";
		};
		6532587E1C9A7C81001513F2 /* LaunchScreen.storyboard */ = {
			isa = PBXVariantGroup;
			children = (
				6532587F1C9A7C81001513F2 /* Base */,
			);
			name = LaunchScreen.storyboard;
			sourceTree = "<group>";
		};
/* End PBXVariantGroup section */

/* Begin XCBuildConfiguration section */
		653258981C9A7C82001513F2 /* Debug */ = {
			isa = XCBuildConfiguration;
			buildSettings = {
				ALWAYS_SEARCH_USER_PATHS = NO;
				CLANG_ANALYZER_NONNULL = YES;
				CLANG_CXX_LANGUAGE_STANDARD = "gnu++0x";
				CLANG_CXX_LIBRARY = "libc++";
				CLANG_ENABLE_MODULES = YES;
				CLANG_ENABLE_OBJC_ARC = YES;
				CLANG_WARN_BOOL_CONVERSION = YES;
				CLANG_WARN_CONSTANT_CONVERSION = YES;
				CLANG_WARN_DIRECT_OBJC_ISA_USAGE = YES_ERROR;
				CLANG_WARN_EMPTY_BODY = YES;
				CLANG_WARN_ENUM_CONVERSION = YES;
				CLANG_WARN_INT_CONVERSION = YES;
				CLANG_WARN_OBJC_ROOT_CLASS = YES_ERROR;
				CLANG_WARN_UNREACHABLE_CODE = YES;
				CLANG_WARN__DUPLICATE_METHOD_MATCH = YES;
				"CODE_SIGN_IDENTITY[sdk=iphoneos*]" = "iPhone Developer";
				COPY_PHASE_STRIP = NO;
				DEBUG_INFORMATION_FORMAT = dwarf;
				ENABLE_STRICT_OBJC_MSGSEND = YES;
				ENABLE_TESTABILITY = YES;
				GCC_C_LANGUAGE_STANDARD = gnu99;
				GCC_DYNAMIC_NO_PIC = NO;
				GCC_NO_COMMON_BLOCKS = YES;
				GCC_OPTIMIZATION_LEVEL = 0;
				GCC_PREPROCESSOR_DEFINITIONS = (
					"DEBUG=1",
					"$(inherited)",
				);
				GCC_WARN_64_TO_32_BIT_CONVERSION = YES;
				GCC_WARN_ABOUT_RETURN_TYPE = YES_ERROR;
				GCC_WARN_UNDECLARED_SELECTOR = YES;
				GCC_WARN_UNINITIALIZED_AUTOS = YES_AGGRESSIVE;
				GCC_WARN_UNUSED_FUNCTION = YES;
				GCC_WARN_UNUSED_VARIABLE = YES;
				IPHONEOS_DEPLOYMENT_TARGET = 9.3;
				MTL_ENABLE_DEBUG_INFO = YES;
				ONLY_ACTIVE_ARCH = YES;
				SDKROOT = iphoneos;
				TARGETED_DEVICE_FAMILY = 2;
			};
			name = Debug;
		};
		653258991C9A7C82001513F2 /* Release */ = {
			isa = XCBuildConfiguration;
			buildSettings = {
				ALWAYS_SEARCH_USER_PATHS = NO;
				CLANG_ANALYZER_NONNULL = YES;
				CLANG_CXX_LANGUAGE_STANDARD = "gnu++0x";
				CLANG_CXX_LIBRARY = "libc++";
				CLANG_ENABLE_MODULES = YES;
				CLANG_ENABLE_OBJC_ARC = YES;
				CLANG_WARN_BOOL_CONVERSION = YES;
				CLANG_WARN_CONSTANT_CONVERSION = YES;
				CLANG_WARN_DIRECT_OBJC_ISA_USAGE = YES_ERROR;
				CLANG_WARN_EMPTY_BODY = YES;
				CLANG_WARN_ENUM_CONVERSION = YES;
				CLANG_WARN_INT_CONVERSION = YES;
				CLANG_WARN_OBJC_ROOT_CLASS = YES_ERROR;
				CLANG_WARN_UNREACHABLE_CODE = YES;
				CLANG_WARN__DUPLICATE_METHOD_MATCH = YES;
				"CODE_SIGN_IDENTITY[sdk=iphoneos*]" = "iPhone Developer";
				COPY_PHASE_STRIP = NO;
				DEBUG_INFORMATION_FORMAT = "dwarf-with-dsym";
				ENABLE_NS_ASSERTIONS = NO;
				ENABLE_STRICT_OBJC_MSGSEND = YES;
				GCC_C_LANGUAGE_STANDARD = gnu99;
				GCC_NO_COMMON_BLOCKS = YES;
				GCC_WARN_64_TO_32_BIT_CONVERSION = YES;
				GCC_WARN_ABOUT_RETURN_TYPE = YES_ERROR;
				GCC_WARN_UNDECLARED_SELECTOR = YES;
				GCC_WARN_UNINITIALIZED_AUTOS = YES_AGGRESSIVE;
				GCC_WARN_UNUSED_FUNCTION = YES;
				GCC_WARN_UNUSED_VARIABLE = YES;
				IPHONEOS_DEPLOYMENT_TARGET = 9.3;
				MTL_ENABLE_DEBUG_INFO = NO;
				SDKROOT = iphoneos;
				TARGETED_DEVICE_FAMILY = 2;
				VALIDATE_PRODUCT = YES;
			};
			name = Release;
		};
		6532589B1C9A7C82001513F2 /* Debug */ = {
			isa = XCBuildConfiguration;
			buildSettings = {
				ASSETCATALOG_COMPILER_APPICON_NAME = AppIcon;
				CODE_SIGN_IDENTITY = "iPhone Developer";
				"CODE_SIGN_IDENTITY[sdk=iphoneos*]" = "iPhone Developer";
				ENABLE_BITCODE = NO;
				FRAMEWORK_SEARCH_PATHS = (
					"$(inherited)",
					"$(PROJECT_DIR)/MangaReader_For_Ipad/FrameWorks",
				);
				INFOPLIST_FILE = MangaReader_For_Ipad/Info.plist;
				LD_RUNPATH_SEARCH_PATHS = "$(inherited) @executable_path/Frameworks";
				PRODUCT_BUNDLE_IDENTIFIER = "hengeCyche.MangaReader-For-Ipad";
				PRODUCT_NAME = "$(TARGET_NAME)";
				PROVISIONING_PROFILE = "";
				TARGETED_DEVICE_FAMILY = 2;
			};
			name = Debug;
		};
		6532589C1C9A7C82001513F2 /* Release */ = {
			isa = XCBuildConfiguration;
			buildSettings = {
				ASSETCATALOG_COMPILER_APPICON_NAME = AppIcon;
				CODE_SIGN_IDENTITY = "iPhone Developer";
				"CODE_SIGN_IDENTITY[sdk=iphoneos*]" = "iPhone Developer";
				ENABLE_BITCODE = NO;
				FRAMEWORK_SEARCH_PATHS = (
					"$(inherited)",
					"$(PROJECT_DIR)/MangaReader_For_Ipad/FrameWorks",
				);
				INFOPLIST_FILE = MangaReader_For_Ipad/Info.plist;
				LD_RUNPATH_SEARCH_PATHS = "$(inherited) @executable_path/Frameworks";
				PRODUCT_BUNDLE_IDENTIFIER = "hengeCyche.MangaReader-For-Ipad";
				PRODUCT_NAME = "$(TARGET_NAME)";
				PROVISIONING_PROFILE = "";
				TARGETED_DEVICE_FAMILY = 2;
			};
			name = Release;
		};
		6532589E1C9A7C82001513F2 /* Debug */ = {
			isa = XCBuildConfiguration;
			buildSettings = {
				BUNDLE_LOADER = "$(TEST_HOST)";
				INFOPLIST_FILE = MangaReader_For_IpadTests/Info.plist;
				LD_RUNPATH_SEARCH_PATHS = "$(inherited) @executable_path/Frameworks @loader_path/Frameworks";
				PRODUCT_BUNDLE_IDENTIFIER = "hengeCyche.MangaReader-For-IpadTests";
				PRODUCT_NAME = "$(TARGET_NAME)";
				TEST_HOST = "$(BUILT_PRODUCTS_DIR)/MangaReader_For_Ipad.app/MangaReader_For_Ipad";
			};
			name = Debug;
		};
		6532589F1C9A7C82001513F2 /* Release */ = {
			isa = XCBuildConfiguration;
			buildSettings = {
				BUNDLE_LOADER = "$(TEST_HOST)";
				INFOPLIST_FILE = MangaReader_For_IpadTests/Info.plist;
				LD_RUNPATH_SEARCH_PATHS = "$(inherited) @executable_path/Frameworks @loader_path/Frameworks";
				PRODUCT_BUNDLE_IDENTIFIER = "hengeCyche.MangaReader-For-IpadTests";
				PRODUCT_NAME = "$(TARGET_NAME)";
				TEST_HOST = "$(BUILT_PRODUCTS_DIR)/MangaReader_For_Ipad.app/MangaReader_For_Ipad";
			};
			name = Release;
		};
		653258A11C9A7C82001513F2 /* Debug */ = {
			isa = XCBuildConfiguration;
			buildSettings = {
				INFOPLIST_FILE = MangaReader_For_IpadUITests/Info.plist;
				LD_RUNPATH_SEARCH_PATHS = "$(inherited) @executable_path/Frameworks @loader_path/Frameworks";
				PRODUCT_BUNDLE_IDENTIFIER = "hengeCyche.MangaReader-For-IpadUITests";
				PRODUCT_NAME = "$(TARGET_NAME)";
				TEST_TARGET_NAME = MangaReader_For_Ipad;
			};
			name = Debug;
		};
		653258A21C9A7C82001513F2 /* Release */ = {
			isa = XCBuildConfiguration;
			buildSettings = {
				INFOPLIST_FILE = MangaReader_For_IpadUITests/Info.plist;
				LD_RUNPATH_SEARCH_PATHS = "$(inherited) @executable_path/Frameworks @loader_path/Frameworks";
				PRODUCT_BUNDLE_IDENTIFIER = "hengeCyche.MangaReader-For-IpadUITests";
				PRODUCT_NAME = "$(TARGET_NAME)";
				TEST_TARGET_NAME = MangaReader_For_Ipad;
			};
			name = Release;
		};
/* End XCBuildConfiguration section */

/* Begin XCConfigurationList section */
		653258651C9A7C7E001513F2 /* Build configuration list for PBXProject "MangaReader_For_Ipad" */ = {
			isa = XCConfigurationList;
			buildConfigurations = (
				653258981C9A7C82001513F2 /* Debug */,
				653258991C9A7C82001513F2 /* Release */,
			);
			defaultConfigurationIsVisible = 0;
			defaultConfigurationName = Release;
		};
		6532589A1C9A7C82001513F2 /* Build configuration list for PBXNativeTarget "MangaReader_For_Ipad" */ = {
			isa = XCConfigurationList;
			buildConfigurations = (
				6532589B1C9A7C82001513F2 /* Debug */,
				6532589C1C9A7C82001513F2 /* Release */,
			);
			defaultConfigurationIsVisible = 0;
			defaultConfigurationName = Release;
		};
		6532589D1C9A7C82001513F2 /* Build configuration list for PBXNativeTarget "MangaReader_For_IpadTests" */ = {
			isa = XCConfigurationList;
			buildConfigurations = (
				6532589E1C9A7C82001513F2 /* Debug */,
				6532589F1C9A7C82001513F2 /* Release */,
			);
			defaultConfigurationIsVisible = 0;
			defaultConfigurationName = Release;
		};
		653258A01C9A7C82001513F2 /* Build configuration list for PBXNativeTarget "MangaReader_For_IpadUITests" */ = {
			isa = XCConfigurationList;
			buildConfigurations = (
				653258A11C9A7C82001513F2 /* Debug */,
				653258A21C9A7C82001513F2 /* Release */,
			);
			defaultConfigurationIsVisible = 0;
			defaultConfigurationName = Release;
		};
/* End XCConfigurationList section */

/* Begin XCVersionGroup section */
		65946B131CB7FEB4004BE1F1 /* MangaReader.xcdatamodeld */ = {
			isa = XCVersionGroup;
			children = (
				65946B141CB7FEB4004BE1F1 /* MangaReader.xcdatamodel */,
			);
			currentVersion = 65946B141CB7FEB4004BE1F1 /* MangaReader.xcdatamodel */;
			name = MangaReader.xcdatamodeld;
			path = Model/MangaReader.xcdatamodeld;
			sourceTree = "<group>";
			versionGroupType = wrapper.xcdatamodel;
		};
/* End XCVersionGroup section */
	};
	rootObject = 653258621C9A7C7E001513F2 /* Project object */;
}
